Microsoft Visual Studio Solution File, Format Version 12.00
# Visual Studio 15
VisualStudioVersion = 15.0.28307.106
MinimumVisualStudioVersion = 10.0.40219.1
Project("{9A19103F-16F7-4668-BE54-9A1E7A4F7556}") = "CLARK_HMI1_", "CLARK_HMI1_.csproj", "{C07DA14A-40E0-2C87-E107-183CB227A8DB}"
EndProject
Global
    GlobalSection(SolutionConfigurationPlatforms) = preSolution
        Debug|Any CPU = Debug|Any CPU
        Release|Any CPU = Release|Any CPU
    EndGlobalSection
    GlobalSection(ProjectConfigurationPlatforms) = postSolution
        {C07DA14A-40E0-2C87-E107-183CB227A8DB}.Debug|Any CPU.ActiveCfg = Debug|Any CPU
        {C07DA14A-40E0-2C87-E107-183CB227A8DB}.Debug|Any CPU.Build.0 = Debug|Any CPU
        {C07DA14A-40E0-2C87-E107-183CB227A8DB}.Release|Any CPU.ActiveCfg = Release|Any CPU
        {C07DA14A-40E0-2C87-E107-183CB227A8DB}.Release|Any CPU.Build.0 = Release|Any CPU
    EndGlobalSection
    GlobalSection(SolutionProperties) = preSolution
        HideSolutionNode = FALSE
    EndGlobalSection
EndGlobal
